
Microsoft Visual Studio Solution File, Format Version 12.00
# Visual Studio Version 17
VisualStudioVersion = 17.5.33516.290
MinimumVisualStudioVersion = 10.0.40219.1
Project("{9A19103F-16F7-4668-BE54-9A1E7A4F7556}") = "Keethera", "Keethera\Keethera.csproj", "{D3E44AAF-968A-40AC-A197-D11D397F9D5C}"
EndProject
Project("{9A19103F-16F7-4668-BE54-9A1E7A4F7556}") = "KeetheraHiddenConsole", "KeetheraHiddenConsole\KeetheraHiddenConsole.csproj", "{C0C9E970-2404-477D-8C6C-D1B64260909E}"
EndProject
Project("{9A19103F-16F7-4668-BE54-9A1E7A4F7556}") = "ExampleConsoleApp1", "ExampleConsoleApp1\ExampleConsoleApp1.csproj", "{970F8E53-581C-42EB-8FCC-0ED4FCA32CA2}"
EndProject
Global
	GlobalSection(SolutionConfigurationPlatforms) = preSolution
		Debug|Any CPU = Debug|Any CPU
		Release|Any CPU = Release|Any CPU
	EndGlobalSection
	GlobalSection(ProjectConfigurationPlatforms) = postSolution
		{D3E44AAF-968A-40AC-A197-D11D397F9D5C}.Debug|Any CPU.ActiveCfg = Debug|Any CPU
		{D3E44AAF-968A-40AC-A197-D11D397F9D5C}.Debug|Any CPU.Build.0 = Debug|Any CPU
		{D3E44AAF-968A-40AC-A197-D11D397F9D5C}.Release|Any CPU.ActiveCfg = Release|Any CPU
		{D3E44AAF-968A-40AC-A197-D11D397F9D5C}.Release|Any CPU.Build.0 = Release|Any CPU
		{C0C9E970-2404-477D-8C6C-D1B64260909E}.Debug|Any CPU.ActiveCfg = Debug|Any CPU
		{C0C9E970-2404-477D-8C6C-D1B64260909E}.Debug|Any CPU.Build.0 = Debug|Any CPU
		{C0C9E970-2404-477D-8C6C-D1B64260909E}.Release|Any CPU.ActiveCfg = Release|Any CPU
		{C0C9E970-2404-477D-8C6C-D1B64260909E}.Release|Any CPU.Build.0 = Release|Any CPU
		{970F8E53-581C-42EB-8FCC-0ED4FCA32CA2}.Debug|Any CPU.ActiveCfg = Debug|Any CPU
		{970F8E53-581C-42EB-8FCC-0ED4FCA32CA2}.Debug|Any CPU.Build.0 = Debug|Any CPU
		{970F8E53-581C-42EB-8FCC-0ED4FCA32CA2}.Release|Any CPU.ActiveCfg = Release|Any CPU
		{970F8E53-581C-42EB-8FCC-0ED4FCA32CA2}.Release|Any CPU.Build.0 = Release|Any CPU
	EndGlobalSection
	GlobalSection(SolutionProperties) = preSolution
		HideSolutionNode = FALSE
	EndGlobalSection
	GlobalSection(ExtensibilityGlobals) = postSolution
		SolutionGuid = {A241BE1B-2A31-468A-847A-492CA7EE77FA}
	EndGlobalSection
EndGlobal
